// !$*UTF8*$!
{
	archiveVersion = 1;
	classes = {
	};
	objectVersion = 46;
	objects = {

/* Begin PBXBuildFile section */
		3F72AA431CA168A500B49920 /* AppDelegate.swift in Sources */ = {isa = PBXBuildFile; fileRef = 3F72AA421CA168A500B49920 /* AppDelegate.swift */; };
		3F72AA481CA168A500B49920 /* Main.storyboard in Resources */ = {isa = PBXBuildFile; fileRef = 3F72AA461CA168A500B49920 /* Main.storyboard */; };
		3F72AA4A1CA168A500B49920 /* Assets.xcassets in Resources */ = {isa = PBXBuildFile; fileRef = 3F72AA491CA168A500B49920 /* Assets.xcassets */; };
		3F72AA4D1CA168A500B49920 /* LaunchScreen.storyboard in Resources */ = {isa = PBXBuildFile; fileRef = 3F72AA4B1CA168A500B49920 /* LaunchScreen.storyboard */; };
		3F72AA581CA168A500B49920 /* TweeterTagsTests.swift in Sources */ = {isa = PBXBuildFile; fileRef = 3F72AA571CA168A500B49920 /* TweeterTagsTests.swift */; };
		3F72AA631CA168A500B49920 /* TweeterTagsUITests.swift in Sources */ = {isa = PBXBuildFile; fileRef = 3F72AA621CA168A500B49920 /* TweeterTagsUITests.swift */; };
		3F72AA731CA1693F00B49920 /* TweetsTVC.swift in Sources */ = {isa = PBXBuildFile; fileRef = 3F72AA721CA1693F00B49920 /* TweetsTVC.swift */; };
		3F72AA751CA169D500B49920 /* TwitterAPI.swift in Sources */ = {isa = PBXBuildFile; fileRef = 3F72AA741CA169D500B49920 /* TwitterAPI.swift */; };
		3F72AA771CA18A1200B49920 /* TweetCell.swift in Sources */ = {isa = PBXBuildFile; fileRef = 3F72AA761CA18A1200B49920 /* TweetCell.swift */; };
		3F72AA7B1CA1AAC500B49920 /* TweetModel.swift in Sources */ = {isa = PBXBuildFile; fileRef = 3F72AA7A1CA1AAC500B49920 /* TweetModel.swift */; };
		3F72AA7D1CA2C93400B49920 /* TweetDetailsVC.swift in Sources */ = {isa = PBXBuildFile; fileRef = 3F72AA7C1CA2C93400B49920 /* TweetDetailsVC.swift */; };
		3F72AA7F1CA4094700B49920 /* ImageVC.swift in Sources */ = {isa = PBXBuildFile; fileRef = 3F72AA7E1CA4094700B49920 /* ImageVC.swift */; };
		3F72AA811CA4303100B49920 /* HistoryVC.swift in Sources */ = {isa = PBXBuildFile; fileRef = 3F72AA801CA4303100B49920 /* HistoryVC.swift */; };
/* End PBXBuildFile section */

/* Begin PBXContainerItemProxy section */
		3F72AA541CA168A500B49920 /* PBXContainerItemProxy */ = {
			isa = PBXContainerItemProxy;
			containerPortal = 3F72AA371CA168A500B49920 /* Project object */;
			proxyType = 1;
			remoteGlobalIDString = 3F72AA3E1CA168A500B49920;
			remoteInfo = TweeterTags;
		};
		3F72AA5F1CA168A500B49920 /* PBXContainerItemProxy */ = {
			isa = PBXContainerItemProxy;
			containerPortal = 3F72AA371CA168A500B49920 /* Project object */;
			proxyType = 1;
			remoteGlobalIDString = 3F72AA3E1CA168A500B49920;
			remoteInfo = TweeterTags;
		};
/* End PBXContainerItemProxy section */

/* Begin PBXFileReference section */
		3F72AA3F1CA168A500B49920 /* TweeterTags.app */ = {isa = PBXFileReference; explicitFileType = wrapper.application; includeInIndex = 0; path = TweeterTags.app; sourceTree = BUILT_PRODUCTS_DIR; };
		3F72AA421CA168A500B49920 /* AppDelegate.swift */ = {isa = PBXFileReference; lastKnownFileType = sourcecode.swift; path = AppDelegate.swift; sourceTree = "<group>"; };
		3F72AA471CA168A500B49920 /* Base */ = {isa = PBXFileReference; lastKnownFileType = file.storyboard; name = Base; path = Base.lproj/Main.storyboard; sourceTree = "<group>"; };
		3F72AA491CA168A500B49920 /* Assets.xcassets */ = {isa = PBXFileReference; lastKnownFileType = folder.assetcatalog; path = Assets.xcassets; sourceTree = "<group>"; };
		3F72AA4C1CA168A500B49920 /* Base */ = {isa = PBXFileReference; lastKnownFileType = file.storyboard; name = Base; path = Base.lproj/LaunchScreen.storyboard; sourceTree = "<group>"; };
		3F72AA4E1CA168A500B49920 /* Info.plist */ = {isa = PBXFileReference; lastKnownFileType = text.plist.xml; path = Info.plist; sourceTree = "<group>"; };
		3F72AA531CA168A500B49920 /* TweeterTagsTests.xctest */ = {isa = PBXFileReference; explicitFileType = wrapper.cfbundle; includeInIndex = 0; path = TweeterTagsTests.xctest; sourceTree = BUILT_PRODUCTS_DIR; };
		3F72AA571CA168A500B49920 /* TweeterTagsTests.swift */ = {isa = PBXFileReference; lastKnownFileType = sourcecode.swift; path = TweeterTagsTests.swift; sourceTree = "<group>"; };
		3F72AA591CA168A500B49920 /* Info.plist */ = {isa = PBXFileReference; lastKnownFileType = text.plist.xml; path = Info.plist; sourceTree = "<group>"; };
		3F72AA5E1CA168A500B49920 /* TweeterTagsUITests.xctest */ = {isa = PBXFileReference; explicitFileType = wrapper.cfbundle; includeInIndex = 0; path = TweeterTagsUITests.xctest; sourceTree = BUILT_PRODUCTS_DIR; };
		3F72AA621CA168A500B49920 /* TweeterTagsUITests.swift */ = {isa = PBXFileReference; lastKnownFileType = sourcecode.swift; path = TweeterTagsUITests.swift; sourceTree = "<group>"; };
		3F72AA641CA168A500B49920 /* Info.plist */ = {isa = PBXFileReference; lastKnownFileType = text.plist.xml; path = Info.plist; sourceTree = "<group>"; };
		3F72AA721CA1693F00B49920 /* TweetsTVC.swift */ = {isa = PBXFileReference; fileEncoding = 4; lastKnownFileType = sourcecode.swift; path = TweetsTVC.swift; sourceTree = "<group>"; };
		3F72AA741CA169D500B49920 /* TwitterAPI.swift */ = {isa = PBXFileReference; fileEncoding = 4; lastKnownFileType = sourcecode.swift; path = TwitterAPI.swift; sourceTree = "<group>"; };
		3F72AA761CA18A1200B49920 /* TweetCell.swift */ = {isa = PBXFileReference; fileEncoding = 4; lastKnownFileType = sourcecode.swift; path = TweetCell.swift; sourceTree = "<group>"; };
		3F72AA7A1CA1AAC500B49920 /* TweetModel.swift */ = {isa = PBXFileReference; fileEncoding = 4; lastKnownFileType = sourcecode.swift; path = TweetModel.swift; sourceTree = "<group>"; };
		3F72AA7C1CA2C93400B49920 /* TweetDetailsVC.swift */ = {isa = PBXFileReference; fileEncoding = 4; lastKnownFileType = sourcecode.swift; path = TweetDetailsVC.swift; sourceTree = "<group>"; };
		3F72AA7E1CA4094700B49920 /* ImageVC.swift */ = {isa = PBXFileReference; fileEncoding = 4; lastKnownFileType = sourcecode.swift; path = ImageVC.swift; sourceTree = "<group>"; };
		3F72AA801CA4303100B49920 /* HistoryVC.swift */ = {isa = PBXFileReference; fileEncoding = 4; lastKnownFileType = sourcecode.swift; path = HistoryVC.swift; sourceTree = "<group>"; };
/* End PBXFileReference section */

/* Begin PBXFrameworksBuildPhase section */
		3F72AA3C1CA168A500B49920 /* Frameworks */ = {
			isa = PBXFrameworksBuildPhase;
			buildActionMask = 2147483647;
			files = (
			);
			runOnlyForDeploymentPostprocessing = 0;
		};
		3F72AA501CA168A500B49920 /* Frameworks */ = {
			isa = PBXFrameworksBuildPhase;
			buildActionMask = 2147483647;
			files = (
			);
			runOnlyForDeploymentPostprocessing = 0;
		};
		3F72AA5B1CA168A500B49920 /* Frameworks */ = {
			isa = PBXFrameworksBuildPhase;
			buildActionMask = 2147483647;
			files = (
			);
			runOnlyForDeploymentPostprocessing = 0;
		};
/* End PBXFrameworksBuildPhase section */

/* Begin PBXGroup section */
		3F72AA361CA168A500B49920 = {
			isa = PBXGroup;
			children = (
				3F72AA411CA168A500B49920 /* TweeterTags */,
				3F72AA561CA168A500B49920 /* TweeterTagsTests */,
				3F72AA611CA168A500B49920 /* TweeterTagsUITests */,
				3F72AA401CA168A500B49920 /* Products */,
			);
			sourceTree = "<group>";
		};
		3F72AA401CA168A500B49920 /* Products */ = {
			isa = PBXGroup;
			children = (
				3F72AA3F1CA168A500B49920 /* TweeterTags.app */,
				3F72AA531CA168A500B49920 /* TweeterTagsTests.xctest */,
				3F72AA5E1CA168A500B49920 /* TweeterTagsUITests.xctest */,
			);
			name = Products;
			sourceTree = "<group>";
		};
		3F72AA411CA168A500B49920 /* TweeterTags */ = {
			isa = PBXGroup;
			children = (
				3F72AA421CA168A500B49920 /* AppDelegate.swift */,
				3F72AA721CA1693F00B49920 /* TweetsTVC.swift */,
				3F72AA761CA18A1200B49920 /* TweetCell.swift */,
				3F72AA801CA4303100B49920 /* HistoryVC.swift */,
				3F72AA741CA169D500B49920 /* TwitterAPI.swift */,
				3F72AA7A1CA1AAC500B49920 /* TweetModel.swift */,
				3F72AA7C1CA2C93400B49920 /* TweetDetailsVC.swift */,
				3F72AA7E1CA4094700B49920 /* ImageVC.swift */,
				3F72AA461CA168A500B49920 /* Main.storyboard */,
				3F72AA491CA168A500B49920 /* Assets.xcassets */,
				3F72AA4B1CA168A500B49920 /* LaunchScreen.storyboard */,
				3F72AA4E1CA168A500B49920 /* Info.plist */,
			);
			path = TweeterTags;
			sourceTree = "<group>";
		};
		3F72AA561CA168A500B49920 /* TweeterTagsTests */ = {
			isa = PBXGroup;
			children = (
				3F72AA571CA168A500B49920 /* TweeterTagsTests.swift */,
				3F72AA591CA168A500B49920 /* Info.plist */,
			);
			path = TweeterTagsTests;
			sourceTree = "<group>";
		};
		3F72AA611CA168A500B49920 /* TweeterTagsUITests */ = {
			isa = PBXGroup;
			children = (
				3F72AA621CA168A500B49920 /* TweeterTagsUITests.swift */,
				3F72AA641CA168A500B49920 /* Info.plist */,
			);
			path = TweeterTagsUITests;
			sourceTree = "<group>";
		};
/* End PBXGroup section */

/* Begin PBXNativeTarget section */
		3F72AA3E1CA168A500B49920 /* TweeterTags */ = {
			isa = PBXNativeTarget;
			buildConfigurationList = 3F72AA671CA168A500B49920 /* Build configuration list for PBXNativeTarget "TweeterTags" */;
			buildPhases = (
				3F72AA3B1CA168A500B49920 /* Sources */,
				3F72AA3C1CA168A500B49920 /* Frameworks */,
				3F72AA3D1CA168A500B49920 /* Resources */,
			);
			buildRules = (
			);
			dependencies = (
			);
			name = TweeterTags;
			productName = TweeterTags;
			productReference = 3F72AA3F1CA168A500B49920 /* TweeterTags.app */;
			productType = "com.apple.product-type.application";
		};
		3F72AA521CA168A500B49920 /* TweeterTagsTests */ = {
			isa = PBXNativeTarget;
			buildConfigurationList = 3F72AA6A1CA168A500B49920 /* Build configuration list for PBXNativeTarget "TweeterTagsTests" */;
			buildPhases = (
				3F72AA4F1CA168A500B49920 /* Sources */,
				3F72AA501CA168A500B49920 /* Frameworks */,
				3F72AA511CA168A500B49920 /* Resources */,
			);
			buildRules = (
			);
			dependencies = (
				3F72AA551CA168A500B49920 /* PBXTargetDependency */,
			);
			name = TweeterTagsTests;
			productName = TweeterTagsTests;
			productReference = 3F72AA531CA168A500B49920 /* TweeterTagsTests.xctest */;
			productType = "com.apple.product-type.bundle.unit-test";
		};
		3F72AA5D1CA168A500B49920 /* TweeterTagsUITests */ = {
			isa = PBXNativeTarget;
			buildConfigurationList = 3F72AA6D1CA168A500B49920 /* Build configuration list for PBXNativeTarget "TweeterTagsUITests" */;
			buildPhases = (
				3F72AA5A1CA168A500B49920 /* Sources */,
				3F72AA5B1CA168A500B49920 /* Frameworks */,
				3F72AA5C1CA168A500B49920 /* Resources */,
			);
			buildRules = (
			);
			dependencies = (
				3F72AA601CA168A500B49920 /* PBXTargetDependency */,
			);
			name = TweeterTagsUITests;
			productName = TweeterTagsUITests;
			productReference = 3F72AA5E1CA168A500B49920 /* TweeterTagsUITests.xctest */;
			productType = "com.apple.product-type.bundle.ui-testing";
		};
/* End PBXNativeTarget section */

/* Begin PBXProject section */
		3F72AA371CA168A500B49920 /* Project object */ = {
			isa = PBXProject;
			attributes = {
				LastSwiftUpdateCheck = 0720;
				LastUpgradeCheck = 0720;
				ORGANIZATIONNAME = ryandiarm;
				TargetAttributes = {
					3F72AA3E1CA168A500B49920 = {
						CreatedOnToolsVersion = 7.2;
						DevelopmentTeam = 2J63K57AJK;
					};
					3F72AA521CA168A500B49920 = {
						CreatedOnToolsVersion = 7.2;
						TestTargetID = 3F72AA3E1CA168A500B49920;
					};
					3F72AA5D1CA168A500B49920 = {
						CreatedOnToolsVersion = 7.2;
						TestTargetID = 3F72AA3E1CA168A500B49920;
					};
				};
			};
			buildConfigurationList = 3F72AA3A1CA168A500B49920 /* Build configuration list for PBXProject "TweeterTags" */;
			compatibilityVersion = "Xcode 3.2";
			developmentRegion = English;
			hasScannedForEncodings = 0;
			knownRegions = (
				en,
				Base,
			);
			mainGroup = 3F72AA361CA168A500B49920;
			productRefGroup = 3F72AA401CA168A500B49920 /* Products */;
			projectDirPath = "";
			projectRoot = "";
			targets = (
				3F72AA3E1CA168A500B49920 /* TweeterTags */,
				3F72AA521CA168A500B49920 /* TweeterTagsTests */,
				3F72AA5D1CA168A500B49920 /* TweeterTagsUITests */,
			);
		};
/* End PBXProject section */

/* Begin PBXResourcesBuildPhase section */
		3F72AA3D1CA168A500B49920 /* Resources */ = {
			isa = PBXResourcesBuildPhase;
			buildActionMask = 2147483647;
			files = (
				3F72AA4D1CA168A500B49920 /* LaunchScreen.storyboard in Resources */,
				3F72AA4A1CA168A500B49920 /* Assets.xcassets in Resources */,
				3F72AA481CA168A500B49920 /* Main.storyboard in Resources */,
			);
			runOnlyForDeploymentPostprocessing = 0;
		};
		3F72AA511CA168A500B49920 /* Resources */ = {
			isa = PBXResourcesBuildPhase;
			buildActionMask = 2147483647;
			files = (
			);
			runOnlyForDeploymentPostprocessing = 0;
		};
		3F72AA5C1CA168A500B49920 /* Resources */ = {
			isa = PBXResourcesBuildPhase;
			buildActionMask = 2147483647;
			files = (
			);
			runOnlyForDeploymentPostprocessing = 0;
		};
/* End PBXResourcesBuildPhase section */

/* Begin PBXSourcesBuildPhase section */
		3F72AA3B1CA168A500B49920 /* Sources */ = {
			isa = PBXSourcesBuildPhase;
			buildActionMask = 2147483647;
			files = (
				3F72AA431CA168A500B49920 /* AppDelegate.swift in Sources */,
				3F72AA7B1CA1AAC500B49920 /* TweetModel.swift in Sources */,
				3F72AA7F1CA4094700B49920 /* ImageVC.swift in Sources */,
				3F72AA751CA169D500B49920 /* TwitterAPI.swift in Sources */,
				3F72AA7D1CA2C93400B49920 /* TweetDetailsVC.swift in Sources */,
				3F72AA811CA4303100B49920 /* HistoryVC.swift in Sources */,
				3F72AA731CA1693F00B49920 /* TweetsTVC.swift in Sources */,
				3F72AA771CA18A1200B49920 /* TweetCell.swift in Sources */,
			);
			runOnlyForDeploymentPostprocessing = 0;
		};
		3F72AA4F1CA168A500B49920 /* Sources */ = {
			isa = PBXSourcesBuildPhase;
			buildActionMask = 2147483647;
			files = (
				3F72AA581CA168A500B49920 /* TweeterTagsTests.swift in Sources */,
			);
			runOnlyForDeploymentPostprocessing = 0;
		};
		3F72AA5A1CA168A500B49920 /* Sources */ = {
			isa = PBXSourcesBuildPhase;
			buildActionMask = 2147483647;
			files = (
				3F72AA631CA168A500B49920 /* TweeterTagsUITests.swift in Sources */,
			);
			runOnlyForDeploymentPostprocessing = 0;
		};
/* End PBXSourcesBuildPhase section */

/* Begin PBXTargetDependency section */
		3F72AA551CA168A500B49920 /* PBXTargetDependency */ = {
			isa = PBXTargetDependency;
			target = 3F72AA3E1CA168A500B49920 /* TweeterTags */;
			targetProxy = 3F72AA541CA168A500B49920 /* PBXContainerItemProxy */;
		};
		3F72AA601CA168A500B49920 /* PBXTargetDependency */ = {
			isa = PBXTargetDependency;
			target = 3F72AA3E1CA168A500B49920 /* TweeterTags */;
			targetProxy = 3F72AA5F1CA168A500B49920 /* PBXContainerItemProxy */;
		};
/* End PBXTargetDependency section */

/* Begin PBXVariantGroup section */
		3F72AA461CA168A500B49920 /* Main.storyboard */ = {
			isa = PBXVariantGroup;
			children = (
				3F72AA471CA168A500B49920 /* Base */,
			);
			name = Main.storyboard;
			sourceTree = "<group>";
		};
		3F72AA4B1CA168A500B49920 /* LaunchScreen.storyboard */ = {
			isa = PBXVariantGroup;
			children = (
				3F72AA4C1CA168A500B49920 /* Base */,
			);
			name = LaunchScreen.storyboard;
			sourceTree = "<group>";
		};
/* End PBXVariantGroup section */

/* Begin XCBuildConfiguration section */
		3F72AA651CA168A500B49920 /* Debug */ = {
			isa = XCBuildConfiguration;
			buildSettings = {
				ALWAYS_SEARCH_USER_PATHS = NO;
				CLANG_CXX_LANGUAGE_STANDARD = "gnu++0x";
				CLANG_CXX_LIBRARY = "libc++";
				CLANG_ENABLE_MODULES = YES;
				CLANG_ENABLE_OBJC_ARC = YES;
				CLANG_WARN_BOOL_CONVERSION = YES;
				CLANG_WARN_CONSTANT_CONVERSION = YES;
				CLANG_WARN_DIRECT_OBJC_ISA_USAGE = YES_ERROR;
				CLANG_WARN_EMPTY_BODY = YES;
				CLANG_WARN_ENUM_CONVERSION = YES;
				CLANG_WARN_INT_CONVERSION = YES;
				CLANG_WARN_OBJC_ROOT_CLASS = YES_ERROR;
				CLANG_WARN_UNREACHABLE_CODE = YES;
				CLANG_WARN__DUPLICATE_METHOD_MATCH = YES;
				"CODE_SIGN_IDENTITY[sdk=iphoneos*]" = "iPhone Developer";
				COPY_PHASE_STRIP = NO;
				DEBUG_INFORMATION_FORMAT = dwarf;
				ENABLE_STRICT_OBJC_MSGSEND = YES;
				ENABLE_TESTABILITY = YES;
				GCC_C_LANGUAGE_STANDARD = gnu99;
				GCC_DYNAMIC_NO_PIC = NO;
				GCC_NO_COMMON_BLOCKS = YES;
				GCC_OPTIMIZATION_LEVEL = 0;
				GCC_PREPROCESSOR_DEFINITIONS = (
					"DEBUG=1",
					"$(inherited)",
				);
				GCC_WARN_64_TO_32_BIT_CONVERSION = YES;
				GCC_WARN_ABOUT_RETURN_TYPE = YES_ERROR;
				GCC_WARN_UNDECLARED_SELECTOR = YES;
				GCC_WARN_UNINITIALIZED_AUTOS = YES_AGGRESSIVE;
				GCC_WARN_UNUSED_FUNCTION = YES;
				GCC_WARN_UNUSED_VARIABLE = YES;
				IPHONEOS_DEPLOYMENT_TARGET = 9.2;
				MTL_ENABLE_DEBUG_INFO = YES;
				ONLY_ACTIVE_ARCH = YES;
				SDKROOT = iphoneos;
				SWIFT_OPTIMIZATION_LEVEL = "-Onone";
			};
			name = Debug;
		};
		3F72AA661CA168A500B49920 /* Release */ = {
			isa = XCBuildConfiguration;
			buildSettings = {
				ALWAYS_SEARCH_USER_PATHS = NO;
				CLANG_CXX_LANGUAGE_STANDARD = "gnu++0x";
				CLANG_CXX_LIBRARY = "libc++";
				CLANG_ENABLE_MODULES = YES;
				CLANG_ENABLE_OBJC_ARC = YES;
				CLANG_WARN_BOOL_CONVERSION = YES;
				CLANG_WARN_CONSTANT_CONVERSION = YES;
				CLANG_WARN_DIRECT_OBJC_ISA_USAGE = YES_ERROR;
				CLANG_WARN_EMPTY_BODY = YES;
				CLANG_WARN_ENUM_CONVERSION = YES;
				CLANG_WARN_INT_CONVERSION = YES;
				CLANG_WARN_OBJC_ROOT_CLASS = YES_ERROR;
				CLANG_WARN_UNREACHABLE_CODE = YES;
				CLANG_WARN__DUPLICATE_METHOD_MATCH = YES;
				"CODE_SIGN_IDENTITY[sdk=iphoneos*]" = "iPhone Developer";
				COPY_PHASE_STRIP = NO;
				DEBUG_INFORMATION_FORMAT = "dwarf-with-dsym";
				ENABLE_NS_ASSERTIONS = NO;
				ENABLE_STRICT_OBJC_MSGSEND = YES;
				GCC_C_LANGUAGE_STANDARD = gnu99;
				GCC_NO_COMMON_BLOCKS = YES;
				GCC_WARN_64_TO_32_BIT_CONVERSION = YES;
				GCC_WARN_ABOUT_RETURN_TYPE = YES_ERROR;
				GCC_WARN_UNDECLARED_SELECTOR = YES;
				GCC_WARN_UNINITIALIZED_AUTOS = YES_AGGRESSIVE;
				GCC_WARN_UNUSED_FUNCTION = YES;
				GCC_WARN_UNUSED_VARIABLE = YES;
				IPHONEOS_DEPLOYMENT_TARGET = 9.2;
				MTL_ENABLE_DEBUG_INFO = NO;
				SDKROOT = iphoneos;
				VALIDATE_PRODUCT = YES;
			};
			name = Release;
		};
		3F72AA681CA168A500B49920 /* Debug */ = {
			isa = XCBuildConfiguration;
			buildSettings = {
				ASSETCATALOG_COMPILER_APPICON_NAME = AppIcon;
				CODE_SIGN_IDENTITY = "iPhone Developer";
				"CODE_SIGN_IDENTITY[sdk=iphoneos*]" = "iPhone Developer";
				INFOPLIST_FILE = TweeterTags/Info.plist;
				IPHONEOS_DEPLOYMENT_TARGET = 9.2;
				LD_RUNPATH_SEARCH_PATHS = "$(inherited) @executable_path/Frameworks";
				PRODUCT_BUNDLE_IDENTIFIER = com.ryandiarm.TweeterTags;
				PRODUCT_NAME = "$(TARGET_NAME)";
				PROVISIONING_PROFILE = "";
			};
			name = Debug;
		};
		3F72AA691CA168A500B49920 /* Release */ = {
			isa = XCBuildConfiguration;
			buildSettings = {
				ASSETCATALOG_COMPILER_APPICON_NAME = AppIcon;
				CODE_SIGN_IDENTITY = "iPhone Developer";
				"CODE_SIGN_IDENTITY[sdk=iphoneos*]" = "iPhone Developer";
				INFOPLIST_FILE = TweeterTags/Info.plist;
				IPHONEOS_DEPLOYMENT_TARGET = 9.2;
				LD_RUNPATH_SEARCH_PATHS = "$(inherited) @executable_path/Frameworks";
				PRODUCT_BUNDLE_IDENTIFIER = com.ryandiarm.TweeterTags;
				PRODUCT_NAME = "$(TARGET_NAME)";
				PROVISIONING_PROFILE = "";
			};
			name = Release;
		};
		3F72AA6B1CA168A500B49920 /* Debug */ = {
			isa = XCBuildConfiguration;
			buildSettings = {
				BUNDLE_LOADER = "$(TEST_HOST)";
				INFOPLIST_FILE = TweeterTagsTests/Info.plist;
				LD_RUNPATH_SEARCH_PATHS = "$(inherited) @executable_path/Frameworks @loader_path/Frameworks";
				PRODUCT_BUNDLE_IDENTIFIER = com.ryandiarm.TweeterTagsTests;
				PRODUCT_NAME = "$(TARGET_NAME)";
				TEST_HOST = "$(BUILT_PRODUCTS_DIR)/TweeterTags.app/TweeterTags";
			};
			name = Debug;
		};
		3F72AA6C1CA168A500B49920 /* Release */ = {
			isa = XCBuildConfiguration;
			buildSettings = {
				BUNDLE_LOADER = "$(TEST_HOST)";
				INFOPLIST_FILE = TweeterTagsTests/Info.plist;
				LD_RUNPATH_SEARCH_PATHS = "$(inherited) @executable_path/Frameworks @loader_path/Frameworks";
				PRODUCT_BUNDLE_IDENTIFIER = com.ryandiarm.TweeterTagsTests;
				PRODUCT_NAME = "$(TARGET_NAME)";
				TEST_HOST = "$(BUILT_PRODUCTS_DIR)/TweeterTags.app/TweeterTags";
			};
			name = Release;
		};
		3F72AA6E1CA168A500B49920 /* Debug */ = {
			isa = XCBuildConfiguration;
			buildSettings = {
				INFOPLIST_FILE = TweeterTagsUITests/Info.plist;
				LD_RUNPATH_SEARCH_PATHS = "$(inherited) @executable_path/Frameworks @loader_path/Frameworks";
				PRODUCT_BUNDLE_IDENTIFIER = com.ryandiarm.TweeterTagsUITests;
				PRODUCT_NAME = "$(TARGET_NAME)";
				TEST_TARGET_NAME = TweeterTags;
				USES_XCTRUNNER = YES;
			};
			name = Debug;
		};
		3F72AA6F1CA168A500B49920 /* Release */ = {
			isa = XCBuildConfiguration;
			buildSettings = {
				INFOPLIST_FILE = TweeterTagsUITests/Info.plist;
				LD_RUNPATH_SEARCH_PATHS = "$(inherited) @executable_path/Frameworks @loader_path/Frameworks";
				PRODUCT_BUNDLE_IDENTIFIER = com.ryandiarm.TweeterTagsUITests;
				PRODUCT_NAME = "$(TARGET_NAME)";
				TEST_TARGET_NAME = TweeterTags;
				USES_XCTRUNNER = YES;
			};
			name = Release;
		};
/* End XCBuildConfiguration section */

/* Begin XCConfigurationList section */
		3F72AA3A1CA168A500B49920 /* Build configuration list for PBXProject "TweeterTags" */ = {
			isa = XCConfigurationList;
			buildConfigurations = (
				3F72AA651CA168A500B49920 /* Debug */,
				3F72AA661CA168A500B49920 /* Release */,
			);
			defaultConfigurationIsVisible = 0;
			defaultConfigurationName = Release;
		};
		3F72AA671CA168A500B49920 /* Build configuration list for PBXNativeTarget "TweeterTags" */ = {
			isa = XCConfigurationList;
			buildConfigurations = (
				3F72AA681CA168A500B49920 /* Debug */,
				3F72AA691CA168A500B49920 /* Release */,
			);
			defaultConfigurationIsVisible = 0;
			defaultConfigurationName = Release;
		};
		3F72AA6A1CA168A500B49920 /* Build configuration list for PBXNativeTarget "TweeterTagsTests" */ = {
			isa = XCConfigurationList;
			buildConfigurations = (
				3F72AA6B1CA168A500B49920 /* Debug */,
				3F72AA6C1CA168A500B49920 /* Release */,
			);
			defaultConfigurationIsVisible = 0;
			defaultConfigurationName = Release;
		};
		3F72AA6D1CA168A500B49920 /* Build configuration list for PBXNativeTarget "TweeterTagsUITests" */ = {
			isa = XCConfigurationList;
			buildConfigurations = (
				3F72AA6E1CA168A500B49920 /* Debug */,
				3F72AA6F1CA168A500B49920 /* Release */,
			);
			defaultConfigurationIsVisible = 0;
			defaultConfigurationName = Release;
		};
/* End XCConfigurationList section */
	};
	rootObject = 3F72AA371CA168A500B49920 /* Project object */;
}
